
Microsoft Visual Studio Solution File, Format Version 12.00
# Visual Studio Version 16
VisualStudioVersion = 16.0.31613.86
MinimumVisualStudioVersion = 10.0.40219.1
Project("{FAE04EC0-301F-11D3-BF4B-00C04F79EFBC}") = "AECS2", "AECS2.csproj", "{B37447DA-3DE3-4ADD-AC84-B0CD003568EB}"
EndProject
Global
	GlobalSection(SolutionConfigurationPlatforms) = preSolution
		Debug|Any CPU = Debug|Any CPU
		Release|Any CPU = Release|Any CPU
	EndGlobalSection
	GlobalSection(ProjectConfigurationPlatforms) = postSolution
		{B37447DA-3DE3-4ADD-AC84-B0CD003568EB}.Debug|Any CPU.ActiveCfg = Debug|Any CPU
		{B37447DA-3DE3-4ADD-AC84-B0CD003568EB}.Debug|Any CPU.Build.0 = Debug|Any CPU
		{B37447DA-3DE3-4ADD-AC84-B0CD003568EB}.Release|Any CPU.ActiveCfg = Release|Any CPU
		{B37447DA-3DE3-4ADD-AC84-B0CD003568EB}.Release|Any CPU.Build.0 = Release|Any CPU
	EndGlobalSection
	GlobalSection(SolutionProperties) = preSolution
		HideSolutionNode = FALSE
	EndGlobalSection
	GlobalSection(ExtensibilityGlobals) = postSolution
		SolutionGuid = {303CE021-442F-4D61-992C-E80C29B0E0F0}
	EndGlobalSection
EndGlobal
